
Microsoft Visual Studio Solution File, Format Version 12.00
# Visual Studio Version 17
VisualStudioVersion = 17.6.33723.286
MinimumVisualStudioVersion = 10.0.40219.1
Project("{FAE04EC0-301F-11D3-BF4B-00C04F79EFBC}") = "Web-24BM", "Web-24BM\Web-24BM.csproj", "{ED02603F-ABD2-41E0-95D8-F844346420DD}"
EndProject
Global
	GlobalSection(SolutionConfigurationPlatforms) = preSolution
		Debug|Any CPU = Debug|Any CPU
		Release|Any CPU = Release|Any CPU
	EndGlobalSection
	GlobalSection(ProjectConfigurationPlatforms) = postSolution
		{ED02603F-ABD2-41E0-95D8-F844346420DD}.Debug|Any CPU.ActiveCfg = Debug|Any CPU
		{ED02603F-ABD2-41E0-95D8-F844346420DD}.Debug|Any CPU.Build.0 = Debug|Any CPU
		{ED02603F-ABD2-41E0-95D8-F844346420DD}.Release|Any CPU.ActiveCfg = Release|Any CPU
		{ED02603F-ABD2-41E0-95D8-F844346420DD}.Release|Any CPU.Build.0 = Release|Any CPU
	EndGlobalSection
	GlobalSection(SolutionProperties) = preSolution
		HideSolutionNode = FALSE
	EndGlobalSection
	GlobalSection(ExtensibilityGlobals) = postSolution
		SolutionGuid = {62470DE4-F40A-4844-9558-A999E6CE8964}
	EndGlobalSection
EndGlobal
